
Microsoft Visual Studio Solution File, Format Version 12.00
# Visual Studio 15
VisualStudioVersion = 15.0.27130.2027
MinimumVisualStudioVersion = 10.0.40219.1
Project("{FAE04EC0-301F-11D3-BF4B-00C04F79EFBC}") = "Classes", "Classes\Classes.csproj", "{7E32A27B-E3FD-4702-829C-31F0CFC58876}"
EndProject
Project("{FAE04EC0-301F-11D3-BF4B-00C04F79EFBC}") = "InvoiceTest", "InvoiceTest\InvoiceTest.csproj", "{65E5683A-B467-4AF4-A0A6-843C09E21E19}"
EndProject
Global
	GlobalSection(SolutionConfigurationPlatforms) = preSolution
		Debug|Any CPU = Debug|Any CPU
		Release|Any CPU = Release|Any CPU
	EndGlobalSection
	GlobalSection(ProjectConfigurationPlatforms) = postSolution
		{7E32A27B-E3FD-4702-829C-31F0CFC58876}.Debug|Any CPU.ActiveCfg = Debug|Any CPU
		{7E32A27B-E3FD-4702-829C-31F0CFC58876}.Debug|Any CPU.Build.0 = Debug|Any CPU
		{7E32A27B-E3FD-4702-829C-31F0CFC58876}.Release|Any CPU.ActiveCfg = Release|Any CPU
		{7E32A27B-E3FD-4702-829C-31F0CFC58876}.Release|Any CPU.Build.0 = Release|Any CPU
		{65E5683A-B467-4AF4-A0A6-843C09E21E19}.Debug|Any CPU.ActiveCfg = Debug|Any CPU
		{65E5683A-B467-4AF4-A0A6-843C09E21E19}.Debug|Any CPU.Build.0 = Debug|Any CPU
		{65E5683A-B467-4AF4-A0A6-843C09E21E19}.Release|Any CPU.ActiveCfg = Release|Any CPU
		{65E5683A-B467-4AF4-A0A6-843C09E21E19}.Release|Any CPU.Build.0 = Release|Any CPU
	EndGlobalSection
	GlobalSection(SolutionProperties) = preSolution
		HideSolutionNode = FALSE
	EndGlobalSection
	GlobalSection(ExtensibilityGlobals) = postSolution
		SolutionGuid = {668BD52D-926C-4D37-9D14-5ACCCA66ECCB}
	EndGlobalSection
EndGlobal
